
Microsoft Visual Studio Solution File, Format Version 12.00
# Visual Studio Version 17
VisualStudioVersion = 17.14.36414.22 d17.14
MinimumVisualStudioVersion = 10.0.40219.1
Project("{FAE04EC0-301F-11D3-BF4B-00C04F79EFBC}") = "SIGREF.API", "SIGREF.API\SIGREF.API.csproj", "{9C4473BF-76D7-4E94-B6C3-9A4836986589}"
EndProject
Global
	GlobalSection(SolutionConfigurationPlatforms) = preSolution
		Debug|Any CPU = Debug|Any CPU
		Release|Any CPU = Release|Any CPU
	EndGlobalSection
	GlobalSection(ProjectConfigurationPlatforms) = postSolution
		{9C4473BF-76D7-4E94-B6C3-9A4836986589}.Debug|Any CPU.ActiveCfg = Debug|Any CPU
		{9C4473BF-76D7-4E94-B6C3-9A4836986589}.Debug|Any CPU.Build.0 = Debug|Any CPU
		{9C4473BF-76D7-4E94-B6C3-9A4836986589}.Release|Any CPU.ActiveCfg = Release|Any CPU
		{9C4473BF-76D7-4E94-B6C3-9A4836986589}.Release|Any CPU.Build.0 = Release|Any CPU
	EndGlobalSection
	GlobalSection(SolutionProperties) = preSolution
		HideSolutionNode = FALSE
	EndGlobalSection
	GlobalSection(ExtensibilityGlobals) = postSolution
		SolutionGuid = {86741276-F582-4DDA-946C-F27C243F3C50}
	EndGlobalSection
EndGlobal
