
Microsoft Visual Studio Solution File, Format Version 12.00
# Visual Studio Version 17
VisualStudioVersion = 17.14.36414.22
MinimumVisualStudioVersion = 10.0.40219.1
Project("{FAE04EC0-301F-11D3-BF4B-00C04F79EFBC}") = "SIGREF.API", "SIGREF.API\SIGREF.API.csproj", "{9C4473BF-76D7-4E94-B6C3-9A4836986589}"
EndProject
Project("{FAE04EC0-301F-11D3-BF4B-00C04F79EFBC}") = "SIGREF.API.AppHost", "SIGREF.API.AppHost\SIGREF.API.AppHost.csproj", "{E7E8ED96-FB4F-4094-942E-F4A85CE4491A}"
EndProject
Project("{FAE04EC0-301F-11D3-BF4B-00C04F79EFBC}") = "SIGREF.API.ServiceDefaults", "SIGREF.API.ServiceDefaults\SIGREF.API.ServiceDefaults.csproj", "{CF03EBBA-1731-4F8A-AA98-52CB9BB6E97A}"
EndProject
Project("{FAE04EC0-301F-11D3-BF4B-00C04F79EFBC}") = "SIGREF.Hangfire.Worker", "SIGREF.Hangfire.Worker\SIGREF.Hangfire.Worker.csproj", "{8010E8D2-B201-4AE7-ADA5-57E6F7A7F2D3}"
EndProject
Project("{FAE04EC0-301F-11D3-BF4B-00C04F79EFBC}") = "SIGREF.Infrastructure.Reporting", "SIGREF.Infrastructure.Reporting\SIGREF.Infrastructure.Reporting.csproj", "{29626F92-22E1-4C52-9E6D-26280C43B21D}"
EndProject
Global
	GlobalSection(SolutionConfigurationPlatforms) = preSolution
		Debug|Any CPU = Debug|Any CPU
		Debug|x64 = Debug|x64
		Debug|x86 = Debug|x86
		Release|Any CPU = Release|Any CPU
		Release|x64 = Release|x64
		Release|x86 = Release|x86
	EndGlobalSection
	GlobalSection(ProjectConfigurationPlatforms) = postSolution
		{9C4473BF-76D7-4E94-B6C3-9A4836986589}.Debug|Any CPU.ActiveCfg = Debug|Any CPU
		{9C4473BF-76D7-4E94-B6C3-9A4836986589}.Debug|Any CPU.Build.0 = Debug|Any CPU
		{9C4473BF-76D7-4E94-B6C3-9A4836986589}.Debug|x64.ActiveCfg = Debug|Any CPU
		{9C4473BF-76D7-4E94-B6C3-9A4836986589}.Debug|x64.Build.0 = Debug|Any CPU
		{9C4473BF-76D7-4E94-B6C3-9A4836986589}.Debug|x86.ActiveCfg = Debug|Any CPU
		{9C4473BF-76D7-4E94-B6C3-9A4836986589}.Debug|x86.Build.0 = Debug|Any CPU
		{9C4473BF-76D7-4E94-B6C3-9A4836986589}.Release|Any CPU.ActiveCfg = Release|Any CPU
		{9C4473BF-76D7-4E94-B6C3-9A4836986589}.Release|Any CPU.Build.0 = Release|Any CPU
		{9C4473BF-76D7-4E94-B6C3-9A4836986589}.Release|x64.ActiveCfg = Release|Any CPU
		{9C4473BF-76D7-4E94-B6C3-9A4836986589}.Release|x64.Build.0 = Release|Any CPU
		{9C4473BF-76D7-4E94-B6C3-9A4836986589}.Release|x86.ActiveCfg = Release|Any CPU
		{9C4473BF-76D7-4E94-B6C3-9A4836986589}.Release|x86.Build.0 = Release|Any CPU
		{E7E8ED96-FB4F-4094-942E-F4A85CE4491A}.Debug|Any CPU.ActiveCfg = Debug|Any CPU
		{E7E8ED96-FB4F-4094-942E-F4A85CE4491A}.Debug|Any CPU.Build.0 = Debug|Any CPU
		{E7E8ED96-FB4F-4094-942E-F4A85CE4491A}.Debug|x64.ActiveCfg = Debug|Any CPU
		{E7E8ED96-FB4F-4094-942E-F4A85CE4491A}.Debug|x64.Build.0 = Debug|Any CPU
		{E7E8ED96-FB4F-4094-942E-F4A85CE4491A}.Debug|x86.ActiveCfg = Debug|Any CPU
		{E7E8ED96-FB4F-4094-942E-F4A85CE4491A}.Debug|x86.Build.0 = Debug|Any CPU
		{E7E8ED96-FB4F-4094-942E-F4A85CE4491A}.Release|Any CPU.ActiveCfg = Release|Any CPU
		{E7E8ED96-FB4F-4094-942E-F4A85CE4491A}.Release|Any CPU.Build.0 = Release|Any CPU
		{E7E8ED96-FB4F-4094-942E-F4A85CE4491A}.Release|x64.ActiveCfg = Release|Any CPU
		{E7E8ED96-FB4F-4094-942E-F4A85CE4491A}.Release|x64.Build.0 = Release|Any CPU
		{E7E8ED96-FB4F-4094-942E-F4A85CE4491A}.Release|x86.ActiveCfg = Release|Any CPU
		{E7E8ED96-FB4F-4094-942E-F4A85CE4491A}.Release|x86.Build.0 = Release|Any CPU
		{CF03EBBA-1731-4F8A-AA98-52CB9BB6E97A}.Debug|Any CPU.ActiveCfg = Debug|Any CPU
		{CF03EBBA-1731-4F8A-AA98-52CB9BB6E97A}.Debug|Any CPU.Build.0 = Debug|Any CPU
		{CF03EBBA-1731-4F8A-AA98-52CB9BB6E97A}.Debug|x64.ActiveCfg = Debug|Any CPU
		{CF03EBBA-1731-4F8A-AA98-52CB9BB6E97A}.Debug|x64.Build.0 = Debug|Any CPU
		{CF03EBBA-1731-4F8A-AA98-52CB9BB6E97A}.Debug|x86.ActiveCfg = Debug|Any CPU
		{CF03EBBA-1731-4F8A-AA98-52CB9BB6E97A}.Debug|x86.Build.0 = Debug|Any CPU
		{CF03EBBA-1731-4F8A-AA98-52CB9BB6E97A}.Release|Any CPU.ActiveCfg = Release|Any CPU
		{CF03EBBA-1731-4F8A-AA98-52CB9BB6E97A}.Release|Any CPU.Build.0 = Release|Any CPU
		{CF03EBBA-1731-4F8A-AA98-52CB9BB6E97A}.Release|x64.ActiveCfg = Release|Any CPU
		{CF03EBBA-1731-4F8A-AA98-52CB9BB6E97A}.Release|x64.Build.0 = Release|Any CPU
		{CF03EBBA-1731-4F8A-AA98-52CB9BB6E97A}.Release|x86.ActiveCfg = Release|Any CPU
		{CF03EBBA-1731-4F8A-AA98-52CB9BB6E97A}.Release|x86.Build.0 = Release|Any CPU
		{8010E8D2-B201-4AE7-ADA5-57E6F7A7F2D3}.Debug|Any CPU.ActiveCfg = Debug|Any CPU
		{8010E8D2-B201-4AE7-ADA5-57E6F7A7F2D3}.Debug|Any CPU.Build.0 = Debug|Any CPU
		{8010E8D2-B201-4AE7-ADA5-57E6F7A7F2D3}.Debug|x64.ActiveCfg = Debug|Any CPU
		{8010E8D2-B201-4AE7-ADA5-57E6F7A7F2D3}.Debug|x64.Build.0 = Debug|Any CPU
		{8010E8D2-B201-4AE7-ADA5-57E6F7A7F2D3}.Debug|x86.ActiveCfg = Debug|Any CPU
		{8010E8D2-B201-4AE7-ADA5-57E6F7A7F2D3}.Debug|x86.Build.0 = Debug|Any CPU
		{8010E8D2-B201-4AE7-ADA5-57E6F7A7F2D3}.Release|Any CPU.ActiveCfg = Release|Any CPU
		{8010E8D2-B201-4AE7-ADA5-57E6F7A7F2D3}.Release|Any CPU.Build.0 = Release|Any CPU
		{8010E8D2-B201-4AE7-ADA5-57E6F7A7F2D3}.Release|x64.ActiveCfg = Release|Any CPU
		{8010E8D2-B201-4AE7-ADA5-57E6F7A7F2D3}.Release|x64.Build.0 = Release|Any CPU
		{8010E8D2-B201-4AE7-ADA5-57E6F7A7F2D3}.Release|x86.ActiveCfg = Release|Any CPU
		{8010E8D2-B201-4AE7-ADA5-57E6F7A7F2D3}.Release|x86.Build.0 = Release|Any CPU
		{29626F92-22E1-4C52-9E6D-26280C43B21D}.Debug|Any CPU.ActiveCfg = Debug|Any CPU
		{29626F92-22E1-4C52-9E6D-26280C43B21D}.Debug|Any CPU.Build.0 = Debug|Any CPU
		{29626F92-22E1-4C52-9E6D-26280C43B21D}.Debug|x64.ActiveCfg = Debug|Any CPU
		{29626F92-22E1-4C52-9E6D-26280C43B21D}.Debug|x64.Build.0 = Debug|Any CPU
		{29626F92-22E1-4C52-9E6D-26280C43B21D}.Debug|x86.ActiveCfg = Debug|Any CPU
		{29626F92-22E1-4C52-9E6D-26280C43B21D}.Debug|x86.Build.0 = Debug|Any CPU
		{29626F92-22E1-4C52-9E6D-26280C43B21D}.Release|Any CPU.ActiveCfg = Release|Any CPU
		{29626F92-22E1-4C52-9E6D-26280C43B21D}.Release|Any CPU.Build.0 = Release|Any CPU
		{29626F92-22E1-4C52-9E6D-26280C43B21D}.Release|x64.ActiveCfg = Release|Any CPU
		{29626F92-22E1-4C52-9E6D-26280C43B21D}.Release|x64.Build.0 = Release|Any CPU
		{29626F92-22E1-4C52-9E6D-26280C43B21D}.Release|x86.ActiveCfg = Release|Any CPU
		{29626F92-22E1-4C52-9E6D-26280C43B21D}.Release|x86.Build.0 = Release|Any CPU
	EndGlobalSection
	GlobalSection(SolutionProperties) = preSolution
		HideSolutionNode = FALSE
	EndGlobalSection
	GlobalSection(ExtensibilityGlobals) = postSolution
		SolutionGuid = {86741276-F582-4DDA-946C-F27C243F3C50}
	EndGlobalSection
EndGlobal
